<?xml version="1.0" encoding="utf-8"?>
<Project ToolsVersion="4.0" xmlns="http://schemas.microsoft.com/developer/msbuild/2003">
  <ItemGroup>
    <Filter Include="源文件">
      <UniqueIdentifier>{4FC737F1-C7A5-4376-A066-2A32D752A2FF}</UniqueIdentifier>
      <Extensions>cpp;c;cc;cxx;def;odl;idl;hpj;bat;asm;asmx</Extensions>
    </Filter>
    <Filter Include="头文件">
      <UniqueIdentifier>{93995380-89BD-4b04-88EB-625FBE52EBFB}</UniqueIdentifier>
      <Extensions>h;hh;hpp;hxx;hm;inl;inc;xsd</Extensions>
    </Filter>
    <Filter Include="资源文件">
      <UniqueIdentifier>{67DA6AB6-F800-4c08-8B7A-83BB121AAD01}</UniqueIdentifier>
      <Extensions>rc;ico;cur;bmp;dlg;rc2;rct;bin;rgs;gif;jpg;jpeg;jpe;resx;tiff;tif;png;wav;mfcribbon-ms</Extensions>
    </Filter>
  </ItemGroup>
  <ItemGroup>
    <Text Include="ReadMe.txt" />
  </ItemGroup>
  <ItemGroup>
    <ClInclude Include="stdafx.h">
      <Filter>头文件</Filter>
    </ClInclude>
    <ClInclude Include="targetver.h">
      <Filter>头文件</Filter>
    </ClInclude>
    <ClInclude Include="AdapterInformation.h">
      <Filter>头文件</Filter>
    </ClInclude>
    <ClInclude Include="DKTraces.h">
      <Filter>头文件</Filter>
    </ClInclude>
    <ClInclude Include="GlobalTun.h">
      <Filter>头文件</Filter>
    </ClInclude>
    <ClInclude Include="HexStr.h">
      <Filter>头文件</Filter>
    </ClInclude>
    <ClInclude Include="MemList.h">
      <Filter>头文件</Filter>
    </ClInclude>
    <ClInclude Include="proto.h">
      <Filter>头文件</Filter>
    </ClInclude>
    <ClInclude Include="tap-windows.h">
      <Filter>头文件</Filter>
    </ClInclude>
    <ClInclude Include="XyzRoute.h">
      <Filter>头文件</Filter>
    </ClInclude>
    <ClInclude Include="XyzTun.h">
      <Filter>头文件</Filter>
    </ClInclude>
    <ClInclude Include="sockbase.h">
      <Filter>头文件</Filter>
    </ClInclude>
    <ClInclude Include="ITunDataRead.h">
      <Filter>头文件</Filter>
    </ClInclude>
    <ClInclude Include="Sock5Client.h">
      <Filter>头文件</Filter>
    </ClInclude>
    <ClInclude Include="SessioId.h">
      <Filter>头文件</Filter>
    </ClInclude>
    <ClInclude Include="DatapacketDefine.h">
      <Filter>头文件</Filter>
    </ClInclude>
    <ClInclude Include="Socks5Session.h">
      <Filter>头文件</Filter>
    </ClInclude>
    <ClInclude Include="TunFactory.h">
      <Filter>头文件</Filter>
    </ClInclude>
  </ItemGroup>
  <ItemGroup>
    <ClCompile Include="stdafx.cpp">
      <Filter>源文件</Filter>
    </ClCompile>
    <ClCompile Include="AdapterInformation.cpp">
      <Filter>源文件</Filter>
    </ClCompile>
    <ClCompile Include="GlobalTun.cpp">
      <Filter>源文件</Filter>
    </ClCompile>
    <ClCompile Include="HexStr.cpp">
      <Filter>源文件</Filter>
    </ClCompile>
    <ClCompile Include="MemList.cpp">
      <Filter>源文件</Filter>
    </ClCompile>
    <ClCompile Include="proto.cpp">
      <Filter>源文件</Filter>
    </ClCompile>
    <ClCompile Include="sockbase.cpp">
      <Filter>源文件</Filter>
    </ClCompile>
    <ClCompile Include="XyzRoute.cpp">
      <Filter>源文件</Filter>
    </ClCompile>
    <ClCompile Include="main.cpp">
      <Filter>源文件</Filter>
    </ClCompile>
    <ClCompile Include="Sock5Client.cpp">
      <Filter>源文件</Filter>
    </ClCompile>
    <ClCompile Include="Socks5Session.cpp">
      <Filter>源文件</Filter>
    </ClCompile>
    <ClCompile Include="TunFactory.cpp">
      <Filter>源文件</Filter>
    </ClCompile>
  </ItemGroup>
</Project>